
Microsoft Visual Studio Solution File, Format Version 12.00
# Visual Studio Version 16
VisualStudioVersion = 16.0.32510.428
MinimumVisualStudioVersion = 10.0.40219.1
Project("{FAE04EC0-301F-11D3-BF4B-00C04F79EFBC}") = "WpfApp1", "WpfApp1\WpfApp1.csproj", "{44C46A28-0394-4444-9DE4-93EC4F827047}"
EndProject
Global
	GlobalSection(SolutionConfigurationPlatforms) = preSolution
		Debug|Any CPU = Debug|Any CPU
		Release|Any CPU = Release|Any CPU
	EndGlobalSection
	GlobalSection(ProjectConfigurationPlatforms) = postSolution
		{44C46A28-0394-4444-9DE4-93EC4F827047}.Debug|Any CPU.ActiveCfg = Debug|Any CPU
		{44C46A28-0394-4444-9DE4-93EC4F827047}.Debug|Any CPU.Build.0 = Debug|Any CPU
		{44C46A28-0394-4444-9DE4-93EC4F827047}.Release|Any CPU.ActiveCfg = Release|Any CPU
		{44C46A28-0394-4444-9DE4-93EC4F827047}.Release|Any CPU.Build.0 = Release|Any CPU
	EndGlobalSection
	GlobalSection(SolutionProperties) = preSolution
		HideSolutionNode = FALSE
	EndGlobalSection
	GlobalSection(ExtensibilityGlobals) = postSolution
		SolutionGuid = {129D1422-8C31-4583-BBC8-0FE065F9A4FA}
	EndGlobalSection
EndGlobal
